
Microsoft Visual Studio Solution File, Format Version 12.00
# Visual Studio 15
VisualStudioVersion = 15.0.28307.271
MinimumVisualStudioVersion = 10.0.40219.1
Project("{FAE04EC0-301F-11D3-BF4B-00C04F79EFBC}") = "InterFace", "InterFace\InterFace.csproj", "{4C0AE5AF-1518-4933-819B-3346AD1582C8}"
EndProject
Global
	GlobalSection(SolutionConfigurationPlatforms) = preSolution
		Debug|Any CPU = Debug|Any CPU
		Release|Any CPU = Release|Any CPU
	EndGlobalSection
	GlobalSection(ProjectConfigurationPlatforms) = postSolution
		{4C0AE5AF-1518-4933-819B-3346AD1582C8}.Debug|Any CPU.ActiveCfg = Debug|Any CPU
		{4C0AE5AF-1518-4933-819B-3346AD1582C8}.Debug|Any CPU.Build.0 = Debug|Any CPU
		{4C0AE5AF-1518-4933-819B-3346AD1582C8}.Release|Any CPU.ActiveCfg = Release|Any CPU
		{4C0AE5AF-1518-4933-819B-3346AD1582C8}.Release|Any CPU.Build.0 = Release|Any CPU
	EndGlobalSection
	GlobalSection(SolutionProperties) = preSolution
		HideSolutionNode = FALSE
	EndGlobalSection
	GlobalSection(ExtensibilityGlobals) = postSolution
		SolutionGuid = {46E31283-9156-4A8B-9FF8-61939F081F13}
	EndGlobalSection
EndGlobal
