
Microsoft Visual Studio Solution File, Format Version 12.00
# Visual Studio 15
VisualStudioVersion = 15.0.28307.271
MinimumVisualStudioVersion = 10.0.40219.1
Project("{FAE04EC0-301F-11D3-BF4B-00C04F79EFBC}") = "FormWindows", "FormWindows.csproj", "{27BAC86F-5A14-4918-8BCA-78C18AD99D7C}"
EndProject
Project("{FAE04EC0-301F-11D3-BF4B-00C04F79EFBC}") = "ClassLibrarySinema", "..\ClassLibrarySinema\ClassLibrarySinema\ClassLibrarySinema.csproj", "{5D6B916B-FD5E-45AF-ABDB-3DC4B7A558C4}"
EndProject
Global
	GlobalSection(SolutionConfigurationPlatforms) = preSolution
		Debug|Any CPU = Debug|Any CPU
		Release|Any CPU = Release|Any CPU
	EndGlobalSection
	GlobalSection(ProjectConfigurationPlatforms) = postSolution
		{27BAC86F-5A14-4918-8BCA-78C18AD99D7C}.Debug|Any CPU.ActiveCfg = Debug|Any CPU
		{27BAC86F-5A14-4918-8BCA-78C18AD99D7C}.Debug|Any CPU.Build.0 = Debug|Any CPU
		{27BAC86F-5A14-4918-8BCA-78C18AD99D7C}.Release|Any CPU.ActiveCfg = Release|Any CPU
		{27BAC86F-5A14-4918-8BCA-78C18AD99D7C}.Release|Any CPU.Build.0 = Release|Any CPU
		{5D6B916B-FD5E-45AF-ABDB-3DC4B7A558C4}.Debug|Any CPU.ActiveCfg = Debug|Any CPU
		{5D6B916B-FD5E-45AF-ABDB-3DC4B7A558C4}.Debug|Any CPU.Build.0 = Debug|Any CPU
		{5D6B916B-FD5E-45AF-ABDB-3DC4B7A558C4}.Release|Any CPU.ActiveCfg = Release|Any CPU
		{5D6B916B-FD5E-45AF-ABDB-3DC4B7A558C4}.Release|Any CPU.Build.0 = Release|Any CPU
	EndGlobalSection
	GlobalSection(SolutionProperties) = preSolution
		HideSolutionNode = FALSE
	EndGlobalSection
	GlobalSection(ExtensibilityGlobals) = postSolution
		SolutionGuid = {0F9E066E-CC17-422C-A9CF-4A9898AD73DA}
	EndGlobalSection
EndGlobal
