
Microsoft Visual Studio Solution File, Format Version 12.00
# Visual Studio 15
VisualStudioVersion = 15.0.28307.271
MinimumVisualStudioVersion = 10.0.40219.1
Project("{FAE04EC0-301F-11D3-BF4B-00C04F79EFBC}") = "ornek22", "ornek22\ornek22.csproj", "{B88F49A4-E54E-4D11-8ECD-959174446EC1}"
EndProject
Project("{FAE04EC0-301F-11D3-BF4B-00C04F79EFBC}") = "ClassLib", "ClassLib\ClassLib.csproj", "{84584827-6677-4EF5-BB34-AE5887DA5B40}"
EndProject
Project("{FAE04EC0-301F-11D3-BF4B-00C04F79EFBC}") = "Migros", "Migros\Migros.csproj", "{7A4777D1-3FCA-4F0A-83B8-BCE9522459B9}"
EndProject
Global
	GlobalSection(SolutionConfigurationPlatforms) = preSolution
		Debug|Any CPU = Debug|Any CPU
		Release|Any CPU = Release|Any CPU
	EndGlobalSection
	GlobalSection(ProjectConfigurationPlatforms) = postSolution
		{B88F49A4-E54E-4D11-8ECD-959174446EC1}.Debug|Any CPU.ActiveCfg = Debug|Any CPU
		{B88F49A4-E54E-4D11-8ECD-959174446EC1}.Debug|Any CPU.Build.0 = Debug|Any CPU
		{B88F49A4-E54E-4D11-8ECD-959174446EC1}.Release|Any CPU.ActiveCfg = Release|Any CPU
		{B88F49A4-E54E-4D11-8ECD-959174446EC1}.Release|Any CPU.Build.0 = Release|Any CPU
		{84584827-6677-4EF5-BB34-AE5887DA5B40}.Debug|Any CPU.ActiveCfg = Debug|Any CPU
		{84584827-6677-4EF5-BB34-AE5887DA5B40}.Debug|Any CPU.Build.0 = Debug|Any CPU
		{84584827-6677-4EF5-BB34-AE5887DA5B40}.Release|Any CPU.ActiveCfg = Release|Any CPU
		{84584827-6677-4EF5-BB34-AE5887DA5B40}.Release|Any CPU.Build.0 = Release|Any CPU
		{7A4777D1-3FCA-4F0A-83B8-BCE9522459B9}.Debug|Any CPU.ActiveCfg = Debug|Any CPU
		{7A4777D1-3FCA-4F0A-83B8-BCE9522459B9}.Debug|Any CPU.Build.0 = Debug|Any CPU
		{7A4777D1-3FCA-4F0A-83B8-BCE9522459B9}.Release|Any CPU.ActiveCfg = Release|Any CPU
		{7A4777D1-3FCA-4F0A-83B8-BCE9522459B9}.Release|Any CPU.Build.0 = Release|Any CPU
	EndGlobalSection
	GlobalSection(SolutionProperties) = preSolution
		HideSolutionNode = FALSE
	EndGlobalSection
	GlobalSection(ExtensibilityGlobals) = postSolution
		SolutionGuid = {D2089E56-A984-45F6-AFDE-1CFE0D3BAEC2}
	EndGlobalSection
EndGlobal
